
Microsoft Visual Studio Solution File, Format Version 12.00
# Visual Studio Version 17
VisualStudioVersion = 17.7.34031.279
MinimumVisualStudioVersion = 10.0.40219.1
Project("{FAE04EC0-301F-11D3-BF4B-00C04F79EFBC}") = "OutlookDSD", "OutlookDSD.csproj", "{77F8E6A3-2276-44B2-8F1B-689F165D4FA9}"
EndProject
Global
	GlobalSection(SolutionConfigurationPlatforms) = preSolution
		Debug|Any CPU = Debug|Any CPU
		Release|Any CPU = Release|Any CPU
	EndGlobalSection
	GlobalSection(ProjectConfigurationPlatforms) = postSolution
		{77F8E6A3-2276-44B2-8F1B-689F165D4FA9}.Debug|Any CPU.ActiveCfg = Debug|Any CPU
		{77F8E6A3-2276-44B2-8F1B-689F165D4FA9}.Debug|Any CPU.Build.0 = Debug|Any CPU
		{77F8E6A3-2276-44B2-8F1B-689F165D4FA9}.Release|Any CPU.ActiveCfg = Release|Any CPU
		{77F8E6A3-2276-44B2-8F1B-689F165D4FA9}.Release|Any CPU.Build.0 = Release|Any CPU
	EndGlobalSection
	GlobalSection(SolutionProperties) = preSolution
		HideSolutionNode = FALSE
	EndGlobalSection
	GlobalSection(ExtensibilityGlobals) = postSolution
		SolutionGuid = {6F0D1A05-C9E1-41E3-AB34-0BB5A0290601}
	EndGlobalSection
EndGlobal
